
Microsoft Visual Studio Solution File, Format Version 12.00
# Visual Studio Version 16
VisualStudioVersion = 16.0.30309.148
MinimumVisualStudioVersion = 10.0.40219.1
Project("{9A19103F-16F7-4668-BE54-9A1E7A4F7556}") = "Comander", "Comander.csproj", "{848D7707-4AC4-44FF-83D0-E0514D723171}"
EndProject
Global
	GlobalSection(SolutionConfigurationPlatforms) = preSolution
		Debug|Any CPU = Debug|Any CPU
		Release|Any CPU = Release|Any CPU
	EndGlobalSection
	GlobalSection(ProjectConfigurationPlatforms) = postSolution
		{848D7707-4AC4-44FF-83D0-E0514D723171}.Debug|Any CPU.ActiveCfg = Debug|Any CPU
		{848D7707-4AC4-44FF-83D0-E0514D723171}.Debug|Any CPU.Build.0 = Debug|Any CPU
		{848D7707-4AC4-44FF-83D0-E0514D723171}.Release|Any CPU.ActiveCfg = Release|Any CPU
		{848D7707-4AC4-44FF-83D0-E0514D723171}.Release|Any CPU.Build.0 = Release|Any CPU
	EndGlobalSection
	GlobalSection(SolutionProperties) = preSolution
		HideSolutionNode = FALSE
	EndGlobalSection
	GlobalSection(ExtensibilityGlobals) = postSolution
		SolutionGuid = {48B71ABF-F6BC-49FF-B044-9E8156359CBC}
	EndGlobalSection
EndGlobal
